
Microsoft Visual Studio Solution File, Format Version 12.00
# Visual Studio Version 16
VisualStudioVersion = 16.0.30621.155
MinimumVisualStudioVersion = 10.0.40219.1
Project("{FAE04EC0-301F-11D3-BF4B-00C04F79EFBC}") = "InteriumMiddleware", "InteriumMiddleware\InteriumMiddleware.csproj", "{528F6766-FB88-4619-B2F5-E4920E20CD76}"
EndProject
Global
	GlobalSection(SolutionConfigurationPlatforms) = preSolution
		Debug|Any CPU = Debug|Any CPU
		Release|Any CPU = Release|Any CPU
	EndGlobalSection
	GlobalSection(ProjectConfigurationPlatforms) = postSolution
		{528F6766-FB88-4619-B2F5-E4920E20CD76}.Debug|Any CPU.ActiveCfg = Debug|Any CPU
		{528F6766-FB88-4619-B2F5-E4920E20CD76}.Debug|Any CPU.Build.0 = Debug|Any CPU
		{528F6766-FB88-4619-B2F5-E4920E20CD76}.Release|Any CPU.ActiveCfg = Release|Any CPU
		{528F6766-FB88-4619-B2F5-E4920E20CD76}.Release|Any CPU.Build.0 = Release|Any CPU
	EndGlobalSection
	GlobalSection(SolutionProperties) = preSolution
		HideSolutionNode = FALSE
	EndGlobalSection
	GlobalSection(ExtensibilityGlobals) = postSolution
		SolutionGuid = {56322341-87A9-459D-BE07-CF9E6C7AC580}
	EndGlobalSection
EndGlobal
